{
  "nodes": {
    "advisory-db": {
      "flake": false,
      "locked": {
        "lastModified": 1699714741,
        "narHash": "sha256-7cRZc3RoBv4n9GgMun+OoTK5ssI2fzqkDAZsp37uhTs=",
        "owner": "rustsec",
        "repo": "advisory-db",
        "rev": "3338fcfb59cea5fcd7d2a4e7fe24cbc7cb778003",
        "type": "github"
      },
      "original": {
        "owner": "rustsec",
        "repo": "advisory-db",
        "type": "github"
      }
    },
    "crane": {
      "inputs": {
        "nixpkgs": [
          "nixpkgs"
        ]
      },
      "locked": {
        "lastModified": 1700327093,
        "narHash": "sha256-OgYvlBABxJYWhZ/HBd0bPVcIEkT+xDhDCpRYqtVhYWY=",
        "owner": "ipetkov",
        "repo": "crane",
        "rev": "ae7cd510e508ee03d792005c2f1c0a3ff25ecb80",
        "type": "github"
      },
      "original": {
        "owner": "ipetkov",
        "repo": "crane",
        "type": "github"
      }
    },
    "flake-utils": {
      "inputs": {
        "systems": "systems"
      },
      "locked": {
        "lastModified": 1681202837,
        "narHash": "sha256-H+Rh19JDwRtpVPAWp64F+rlEtxUWBAQW28eAi3SRSzg=",
        "owner": "numtide",
        "repo": "flake-utils",
        "rev": "cfacdce06f30d2b68473a46042957675eebb3401",
        "type": "github"
      },
      "original": {
        "owner": "numtide",
        "repo": "flake-utils",
        "type": "github"
      }
    },
    "nixpkgs": {
      "locked": {
        "lastModified": 1700873518,
        "narHash": "sha256-bYqVduAeBGJX/HBiRmfQHYDtDTVUsNAvL2hM3IAG6Og=",
        "owner": "nixos",
        "repo": "nixpkgs",
        "rev": "74afca48be6193f4eb8b8569933cefcc39109089",
        "type": "github"
      },
      "original": {
        "owner": "nixos",
        "repo": "nixpkgs",
        "type": "github"
      }
    },
    "nixpkgs-for-vlc": {
      "locked": {
        "lastModified": 1700521623,
        "narHash": "sha256-ZjRRFIitaVROx5n94dhf571DpCa5cYweB5/D5o1hXq0=",
        "owner": "nixos",
        "repo": "nixpkgs",
        "rev": "feae8388e0a43944af59e129b315cbca919d3d98",
        "type": "github"
      },
      "original": {
        "owner": "nixos",
        "repo": "nixpkgs",
        "type": "github"
      }
    },
    "nixpkgs-for-wasm-bindgen": {
      "locked": {
        "lastModified": 1658083977,
        "narHash": "sha256-yqLXI+viN5+Vx5YpG9gNapKL3/+P6Pkprc36xNdyqSU=",
        "owner": "nixos",
        "repo": "nixpkgs",
        "rev": "34bfa9403e42eece93d1a3740e9d8a02fceafbca",
        "type": "github"
      },
      "original": {
        "owner": "nixos",
        "repo": "nixpkgs",
        "rev": "34bfa9403e42eece93d1a3740e9d8a02fceafbca",
        "type": "github"
      }
    },
    "root": {
      "inputs": {
        "advisory-db": "advisory-db",
        "crane": "crane",
        "flake-utils": [
          "rust-overlay",
          "flake-utils"
        ],
        "nixpkgs": "nixpkgs",
        "nixpkgs-for-vlc": "nixpkgs-for-vlc",
        "nixpkgs-for-wasm-bindgen": "nixpkgs-for-wasm-bindgen",
        "rust-overlay": "rust-overlay"
      }
    },
    "rust-overlay": {
      "inputs": {
        "flake-utils": "flake-utils",
        "nixpkgs": [
          "nixpkgs"
        ]
      },
      "locked": {
        "lastModified": 1700360261,
        "narHash": "sha256-8fRSHx5osjDELHSL7OHEfj/cOh8q+B7M9EF/yPR3bw8=",
        "owner": "oxalica",
        "repo": "rust-overlay",
        "rev": "45066cb0b2505d8da581be8432a16238c867f199",
        "type": "github"
      },
      "original": {
        "owner": "oxalica",
        "repo": "rust-overlay",
        "type": "github"
      }
    },
    "systems": {
      "locked": {
        "lastModified": 1681028828,
        "narHash": "sha256-Vy1rq5AaRuLzOxct8nz4T6wlgyUR7zLU309k9mBC768=",
        "owner": "nix-systems",
        "repo": "default",
        "rev": "da67096a3b9bf56a91d16901293e51ba5b49a27e",
        "type": "github"
      },
      "original": {
        "owner": "nix-systems",
        "repo": "default",
        "type": "github"
      }
    }
  },
  "root": "root",
  "version": 7
}
