
# cargo-vet imports lock

[[publisher.arbitrary]]
version = "1.4.2"
when = "2025-08-14"
user-id = 696
user-login = "fitzgen"
user-name = "Nick Fitzgerald"

[[publisher.derive_arbitrary]]
version = "1.4.2"
when = "2025-08-14"
user-id = 696
user-login = "fitzgen"
user-name = "Nick Fitzgerald"

[[publisher.libc]]
version = "0.2.175"
when = "2025-08-11"
user-id = 55123
user-login = "rust-lang-owner"

[[publisher.utf8_iter]]
version = "1.0.4"
when = "2023-12-01"
user-id = 4484
user-login = "hsivonen"
user-name = "Henri Sivonen"

[[publisher.wasip2]]
version = "1.0.1+wasi-0.2.4"
when = "2025-09-15"
user-id = 1
user-login = "alexcrichton"
user-name = "Alex Crichton"

[[publisher.wit-bindgen]]
version = "0.43.0"
when = "2025-06-24"
user-id = 73222
user-login = "wasmtime-publish"

[[audits.bytecode-alliance.wildcard-audits.arbitrary]]
who = "Nick Fitzgerald <fitzgen@gmail.com>"
criteria = "safe-to-deploy"
user-id = 696 # Nick Fitzgerald (fitzgen)
start = "2020-01-14"
end = "2026-08-21"
notes = "I am an author of this crate."

[[audits.bytecode-alliance.wildcard-audits.derive_arbitrary]]
who = "Nick Fitzgerald <fitzgen@gmail.com>"
criteria = "safe-to-deploy"
user-id = 696 # Nick Fitzgerald (fitzgen)
start = "2020-01-14"
end = "2026-08-21"
notes = "I am an author of this crate"

[[audits.bytecode-alliance.wildcard-audits.wasip2]]
who = "Alex Crichton <alex@alexcrichton.com>"
criteria = "safe-to-deploy"
user-id = 1 # Alex Crichton (alexcrichton)
start = "2025-08-10"
end = "2026-08-21"
notes = """
This is a Bytecode Alliance authored crate.
"""

[[audits.bytecode-alliance.wildcard-audits.wit-bindgen]]
who = "Alex Crichton <alex@alexcrichton.com>"
criteria = "safe-to-deploy"
user-id = 73222 # wasmtime-publish
start = "2023-01-01"
end = "2026-06-03"
notes = """
The Bytecode Alliance uses the `wasmtime-publish` crates.io account to automate
publication of this crate from CI. This repository requires all PRs are reviewed
by a Bytecode Alliance maintainer and it owned by the Bytecode Alliance itself.
"""

[[audits.bytecode-alliance.audits.arbtest]]
who = "Andrew Brown <andrew.brown@intel.com>"
criteria = "safe-to-run"
version = "0.3.1"
notes = "Nothing unusual; the most notable bit was a terminal escape sequence to make a random seed bold."

[[audits.bytecode-alliance.audits.arbtest]]
who = "Alex Crichton <alex@alexcrichton.com>"
criteria = "safe-to-run"
delta = "0.3.1 -> 0.3.2"
notes = "Minor new feature, nothing out of the ordinary."

[[audits.bytecode-alliance.audits.bitflags]]
who = "Jamey Sharp <jsharp@fastly.com>"
criteria = "safe-to-deploy"
delta = "2.1.0 -> 2.2.1"
notes = """
This version adds unsafe impls of traits from the bytemuck crate when built
with that library enabled, but I believe the impls satisfy the documented
safety requirements for bytemuck. The other changes are minor.
"""

[[audits.bytecode-alliance.audits.bitflags]]
who = "Alex Crichton <alex@alexcrichton.com>"
criteria = "safe-to-deploy"
delta = "2.3.2 -> 2.3.3"
notes = """
Nothing outside the realm of what one would expect from a bitflags generator,
all as expected.
"""

[[audits.bytecode-alliance.audits.bitflags]]
who = "Alex Crichton <alex@alexcrichton.com>"
criteria = "safe-to-deploy"
delta = "2.4.1 -> 2.6.0"
notes = """
Changes in how macros are invoked and various bits and pieces of macro-fu.
Otherwise no major changes and nothing dealing with `unsafe`.
"""

[[audits.bytecode-alliance.audits.bitflags]]
who = "Alex Crichton <alex@alexcrichton.com>"
criteria = "safe-to-deploy"
delta = "2.7.0 -> 2.9.4"
notes = "Tweaks to the macro, nothing out of order."

[[audits.bytecode-alliance.audits.crypto-common]]
who = "Benjamin Bouvier <public@benj.me>"
criteria = "safe-to-deploy"
version = "0.1.3"

[[audits.bytecode-alliance.audits.idna]]
who = "Alex Crichton <alex@alexcrichton.com>"
criteria = "safe-to-deploy"
version = "0.3.0"
notes = """
This is a crate without unsafe code or usage of the standard library. The large
size of this crate comes from the large generated unicode tables file. This
crate is broadly used throughout the ecosystem and does not contain anything
suspicious.
"""

[[audits.bytecode-alliance.audits.log]]
who = "Alex Crichton <alex@alexcrichton.com>"
criteria = "safe-to-deploy"
delta = "0.4.22 -> 0.4.27"
notes = "Lots of minor updates to macros and such, nothing touching `unsafe`"

[[audits.bytecode-alliance.audits.log]]
who = "Alex Crichton <alex@alexcrichton.com>"
criteria = "safe-to-deploy"
delta = "0.4.27 -> 0.4.28"
notes = "Minor doc updates and lots new tests, nothing out of the ordinary."

[[audits.bytecode-alliance.audits.matchers]]
who = "Pat Hickey <phickey@fastly.com>"
criteria = "safe-to-deploy"
version = "0.1.0"

[[audits.bytecode-alliance.audits.matchers]]
who = "Alex Crichton <alex@alexcrichton.com>"
criteria = "safe-to-deploy"
delta = "0.1.0 -> 0.2.0"
notes = "Some unsafe code, but not more than before. Nothing awry."

[[audits.bytecode-alliance.audits.nu-ansi-term]]
who = "Pat Hickey <phickey@fastly.com>"
criteria = "safe-to-deploy"
version = "0.46.0"
notes = "one use of unsafe to call windows specific api to get console handle."

[[audits.bytecode-alliance.audits.nu-ansi-term]]
who = "Alex Crichton <alex@alexcrichton.com>"
criteria = "safe-to-deploy"
delta = "0.46.0 -> 0.50.1"
notes = "Lots of stylistic/rust-related changes, plus new features, but nothing out of the ordrinary."

[[audits.bytecode-alliance.audits.percent-encoding]]
who = "Alex Crichton <alex@alexcrichton.com>"
criteria = "safe-to-deploy"
version = "2.2.0"
notes = """
This crate is a single-file crate that does what it says on the tin. There are
a few `unsafe` blocks related to utf-8 validation which are locally verifiable
as correct and otherwise this crate is good to go.
"""

[[audits.bytecode-alliance.audits.pkg-config]]
who = "Pat Hickey <phickey@fastly.com>"
criteria = "safe-to-deploy"
version = "0.3.25"
notes = "This crate shells out to the pkg-config executable, but it appears to sanitize inputs reasonably."

[[audits.bytecode-alliance.audits.pkg-config]]
who = "Alex Crichton <alex@alexcrichton.com>"
criteria = "safe-to-deploy"
delta = "0.3.26 -> 0.3.29"
notes = """
No `unsafe` additions or anything outside of the purview of the crate in this
change.
"""

[[audits.bytecode-alliance.audits.pkg-config]]
who = "Chris Fallin <chris@cfallin.org>"
criteria = "safe-to-deploy"
delta = "0.3.29 -> 0.3.32"

[[audits.bytecode-alliance.audits.sha1]]
who = "Andrew Brown <andrew.brown@intel.com>"
criteria = "safe-to-deploy"
delta = "0.10.5 -> 0.10.6"
notes = "Only new code is some loongarch64 additions which include assembly code for that platform."

[[audits.bytecode-alliance.audits.sharded-slab]]
who = "Pat Hickey <phickey@fastly.com>"
criteria = "safe-to-deploy"
version = "0.1.4"
notes = "I always really enjoy reading eliza's code, she left perfect comments at every use of unsafe."

[[audits.bytecode-alliance.audits.shlex]]
who = "Alex Crichton <alex@alexcrichton.com>"
criteria = "safe-to-deploy"
version = "1.1.0"
notes = "Only minor `unsafe` code blocks which look valid and otherwise does what it says on the tin."

[[audits.bytecode-alliance.audits.test-log]]
who = "Pat Hickey <phickey@fastly.com>"
criteria = "safe-to-deploy"
version = "0.2.11"

[[audits.bytecode-alliance.audits.test-log]]
who = "Alex Crichton <alex@alexcrichton.com>"
criteria = "safe-to-run"
delta = "0.2.11 -> 0.2.16"
notes = "Crate implementation was moved to a `*-macros` crate, crate is very small as a result."

[[audits.bytecode-alliance.audits.test-log]]
who = "Alex Crichton <alex@alexcrichton.com>"
criteria = "safe-to-run"
delta = "0.2.16 -> 0.2.18"
notes = "Minor updates, nothing changing unsafe"

[[audits.bytecode-alliance.audits.test-log-macros]]
who = "Alex Crichton <alex@alexcrichton.com>"
criteria = "safe-to-run"
version = "0.2.16"
notes = "Simple procedural macro copied from its previous source."

[[audits.bytecode-alliance.audits.test-log-macros]]
who = "Alex Crichton <alex@alexcrichton.com>"
criteria = "safe-to-run"
delta = "0.2.16 -> 0.2.18"
notes = "Standard macro changes, nothing out of place"

[[audits.bytecode-alliance.audits.tracing-log]]
who = "Alex Crichton <alex@alexcrichton.com>"
criteria = "safe-to-deploy"
version = "0.1.3"
notes = """
This is a standard adapter between the `log` ecosystem and the `tracing`
ecosystem. There's one `unsafe` block in this crate and it's well-scoped.
"""

[[audits.bytecode-alliance.audits.tracing-log]]
who = "Alex Crichton <alex@alexcrichton.com>"
criteria = "safe-to-deploy"
delta = "0.1.3 -> 0.2.0"
notes = "Nothing out of the ordinary, a typical major version update and nothing awry."

[[audits.bytecode-alliance.audits.utf-8]]
who = "Chris Fallin <chris@cfallin.org>"
criteria = "safe-to-deploy"
version = "0.7.6"
notes = "Small library that uses `unsafe` only around `str::from_utf8_unchecked` after explicitly verifying UTF-8."

[[audits.bytecode-alliance.audits.vcpkg]]
who = "Pat Hickey <phickey@fastly.com>"
criteria = "safe-to-deploy"
version = "0.2.15"
notes = "no build.rs, no macros, no unsafe. It reads the filesystem and makes copies of DLLs into OUT_DIR."

[[audits.bytecode-alliance.audits.wit-bindgen]]
who = "Alex Crichton <alex@alexcrichton.com>"
criteria = "safe-to-deploy"
delta = "0.43.0 -> 0.45.0"
notes = "The Bytecode Alliance is the author of this crate"

[[audits.bytecode-alliance.audits.wit-bindgen]]
who = "Alex Crichton <alex@alexcrichton.com>"
criteria = "safe-to-deploy"
delta = "0.45.0 -> 0.45.1"
notes = "The Bytecode Alliance is the author of this crate"

[[audits.bytecode-alliance.audits.wit-bindgen]]
who = "Alex Crichton <alex@alexcrichton.com>"
criteria = "safe-to-deploy"
delta = "0.45.1 -> 0.46.0"
notes = "The Bytecode Alliance is the author of this crate"

[[audits.danjl1100.audits.anstyle-parse]]
who = "Daniel Lambert <danjl1100@gmail.com>"
criteria = "safe-to-deploy"
version = "0.2.7"
notes = """
Unsafe usage around MaybeUninit has some room for cleanup
<https://github.com/rust-cli/anstyle/issues/300>
and unsafe transmutes to 16-value `#[repr(u8)]` enums are only enforced via
a doc comment, but overall the current version appears valid as-is.
No ambient capabilities noted.
"""
aggregated-from = "https://raw.githubusercontent.com/danjl1100/null-webhook/main/supply-chain/audits.toml"

[[audits.danjl1100.audits.anstyle-query]]
who = "Daniel Lambert <danjl1100@gmail.com>"
criteria = "safe-to-deploy"
version = "1.1.4"
notes = """
Queries env vars for color mode settings/availability, and the
only unsafe usage is for windows where it modifies the console mode.
"""
aggregated-from = "https://raw.githubusercontent.com/danjl1100/null-webhook/main/supply-chain/audits.toml"

[[audits.danjl1100.audits.anstyle-wincon]]
who = "Daniel Lambert <danjl1100@gmail.com>"
criteria = "safe-to-deploy"
version = "3.0.10"
notes = """
Only unsafe is for windows, to get/set console attributes.
For non-windows, this is a passthru to another crate.
"""
aggregated-from = "https://raw.githubusercontent.com/danjl1100/null-webhook/main/supply-chain/audits.toml"

[[audits.danjl1100.audits.cfg-if]]
who = "Daniel Lambert <danjl1100@gmail.com>"
criteria = "safe-to-deploy"
delta = "1.0.0 -> 1.0.3"
notes = """
No unsafe ambient capabilities seen, the crate is entirely a macro that selects
branches of the caller's input code. (seems low risk)
"""
aggregated-from = "https://raw.githubusercontent.com/danjl1100/null-webhook/main/supply-chain/audits.toml"

[[audits.danjl1100.audits.colorchoice]]
who = "Daniel Lambert <danjl1100@gmail.com>"
criteria = "safe-to-deploy"
version = "1.0.4"
notes = "No unsafe, just an enum <--> usize with a static getter/setter"
aggregated-from = "https://raw.githubusercontent.com/danjl1100/null-webhook/main/supply-chain/audits.toml"

[[audits.danjl1100.audits.console]]
who = "Daniel Lambert <danjl1100@gmail.com>"
criteria = "safe-to-deploy"
delta = "0.15.7 -> 0.15.11"
notes = """
Reworks some unsafe usage to use `as_raw_fd` (seems nicer), and windows
removes some UB cases if OS calls return out of bounds lengths
"""
aggregated-from = "https://raw.githubusercontent.com/danjl1100/zpool-status-exporter/main/supply-chain/audits.toml"

[[audits.danjl1100.audits.heck]]
who = "Daniel Lambert <danjl1100@gmail.com>"
criteria = "safe-to-deploy"
delta = "0.4.1 -> 0.5.0"
notes = """
Only significant delta is removing `unicode_segmentation` optional dependency,
still has crate-wide `#![forbid(unsafe_code)]` and no added ambient capabilities.
"""
aggregated-from = "https://raw.githubusercontent.com/danjl1100/null-webhook/main/supply-chain/audits.toml"

[[audits.danjl1100.audits.indenter]]
who = "Daniel Lambert <danjl1100@gmail.com>"
criteria = "safe-to-deploy"
version = "0.3.4"
notes = "No unsafe, only string formatting"
aggregated-from = "https://raw.githubusercontent.com/danjl1100/null-webhook/main/supply-chain/audits.toml"

[[audits.danjl1100.audits.is_terminal_polyfill]]
who = "Daniel Lambert <danjl1100@gmail.com>"
criteria = "safe-to-deploy"
version = "1.70.1"
notes = "Literally a trait wrapping calls to std::io::IsTerminal::is_terminal, no unsafe"
aggregated-from = "https://raw.githubusercontent.com/danjl1100/null-webhook/main/supply-chain/audits.toml"

[[audits.danjl1100.audits.jiff-tzdb-platform]]
who = "Daniel Lambert <danjl1100@gmail.com>"
criteria = "safe-to-deploy"
version = "0.1.3"
notes = "No-op crate, only a re-export"
aggregated-from = "https://raw.githubusercontent.com/danjl1100/zpool-status-exporter/main/supply-chain/audits.toml"

[[audits.danjl1100.audits.once_cell_polyfill]]
who = "Daniel Lambert <danjl1100@gmail.com>"
criteria = "safe-to-deploy"
version = "1.70.1"
notes = "No unsafe, polyfill wrapper for std::sync::OnceLock"
aggregated-from = "https://raw.githubusercontent.com/danjl1100/null-webhook/main/supply-chain/audits.toml"

[[audits.danjl1100.audits.regex-syntax]]
who = "Daniel Lambert <danjl1100@gmail.com>"
criteria = "safe-to-deploy"
delta = "0.8.5 -> 0.8.6"
notes = "Forbids unsafe in code and readme. Only change is doc comment typos"
aggregated-from = "https://raw.githubusercontent.com/danjl1100/null-webhook/main/supply-chain/audits.toml"

[[audits.danjl1100.audits.similar]]
who = "Daniel Lambert <danjl1100@gmail.com>"
criteria = "safe-to-deploy"
delta = "2.2.0 -> 2.2.1"
notes = "No unsafe present at all. Delta only adds one early return case, small."
aggregated-from = "https://raw.githubusercontent.com/danjl1100/null-webhook/main/supply-chain/audits.toml"

[[audits.danjl1100.audits.windows-link]]
who = "Daniel Lambert <danjl1100@gmail.com>"
criteria = "safe-to-deploy"
delta = "0.1.1 -> 0.1.3"
notes = "Only lints changed"
aggregated-from = "https://raw.githubusercontent.com/danjl1100/zpool-status-exporter/main/supply-chain/audits.toml"

[[audits.google.audits.base64]]
who = "George Burgess IV <gbiv@google.com>"
criteria = "safe-to-run"
version = "0.13.1"
aggregated-from = "https://chromium.googlesource.com/chromiumos/third_party/rust_crates/+/refs/heads/main/cargo-vet/audits.toml?format=TEXT"

[[audits.google.audits.base64]]
who = "amarjotgill <amarjotgill@google.com>"
criteria = "safe-to-deploy"
version = "0.22.1"
aggregated-from = "https://chromium.googlesource.com/chromium/src/+/main/third_party/rust/chromium_crates_io/supply-chain/audits.toml?format=TEXT"

[[audits.google.audits.bitflags]]
who = "Lukasz Anforowicz <lukasza@chromium.org>"
criteria = "safe-to-deploy"
version = "1.3.2"
notes = """
Security review of earlier versions of the crate can be found at
(Google-internal, sorry): go/image-crate-chromium-security-review

The crate exposes a function marked as `unsafe`, but doesn't use any
`unsafe` blocks (except for tests of the single `unsafe` function).  I
think this justifies marking this crate as `ub-risk-1`.

Additional review comments can be found at https://crrev.com/c/4723145/31
"""
aggregated-from = "https://chromium.googlesource.com/chromium/src/+/main/third_party/rust/chromium_crates_io/supply-chain/audits.toml?format=TEXT"

[[audits.google.audits.bitflags]]
who = "George Burgess IV <gbiv@google.com>"
criteria = "safe-to-run"
version = "1.3.2"
aggregated-from = "https://chromium.googlesource.com/chromiumos/third_party/rust_crates/+/refs/heads/main/cargo-vet/audits.toml?format=TEXT"

[[audits.google.audits.bstr]]
who = "danakj <danakj@chromium.org>"
criteria = "safe-to-deploy"
version = "1.10.0"
notes = """
WARNING: This certification is a result of a **partial** audit.  The
`unicode` feature has **not** been audited.  The unicode feature has
soundness that depends on the correctness of regex automata that are
shipped as binary blobs. They have not been reviewed here.Ability to
track partial audits is tracked in
https://github.com/mozilla/cargo-vet/issues/380.
"""
aggregated-from = "https://chromium.googlesource.com/chromium/src/+/main/third_party/rust/chromium_crates_io/supply-chain/audits.toml?format=TEXT"

[[audits.google.audits.bstr]]
who = "Adrian Taylor <adetaylor@chromium.org>"
criteria = "safe-to-deploy"
delta = "1.10.0 -> 1.11.0"
notes = "Changes two unsafe blocks to use core::mem::align_of<usize> instead of core::mem::size_of<usize> which shouldn't differ on mainstream platforms."
aggregated-from = "https://chromium.googlesource.com/chromium/src/+/main/third_party/rust/chromium_crates_io/supply-chain/audits.toml?format=TEXT"

[[audits.google.audits.bstr]]
who = "Lukasz Anforowicz <lukasza@chromium.org>"
criteria = "safe-to-deploy"
delta = "1.11.0 -> 1.11.1"
notes = "This release just excludes Unicode data files from being published to crates.io"
aggregated-from = "https://chromium.googlesource.com/chromium/src/+/main/third_party/rust/chromium_crates_io/supply-chain/audits.toml?format=TEXT"

[[audits.google.audits.bstr]]
who = "Dustin J. Mitchell <djmitche@chromium.org>"
criteria = "safe-to-deploy"
delta = "1.11.1 -> 1.11.3"
notes = "No unsafe changes"
aggregated-from = "https://chromium.googlesource.com/chromium/src/+/main/third_party/rust/chromium_crates_io/supply-chain/audits.toml?format=TEXT"

[[audits.google.audits.cfg-if]]
who = "George Burgess IV <gbiv@google.com>"
criteria = "safe-to-deploy"
version = "1.0.0"
aggregated-from = "https://chromium.googlesource.com/chromiumos/third_party/rust_crates/+/refs/heads/main/cargo-vet/audits.toml?format=TEXT"

[[audits.google.audits.chunked_transfer]]
who = "George Burgess IV <gbiv@google.com>"
criteria = "safe-to-deploy"
version = "1.4.1"
aggregated-from = "https://chromium.googlesource.com/chromiumos/third_party/rust_crates/+/refs/heads/main/cargo-vet/audits.toml?format=TEXT"

[[audits.google.audits.console]]
who = "George Burgess IV <gbiv@google.com>"
criteria = "safe-to-run"
version = "0.15.5"
aggregated-from = "https://chromium.googlesource.com/chromiumos/third_party/rust_crates/+/refs/heads/main/cargo-vet/audits.toml?format=TEXT"

[[audits.google.audits.console]]
who = "George Burgess IV <gbiv@google.com>"
criteria = "safe-to-run"
delta = "0.15.5 -> 0.15.7"
aggregated-from = "https://chromium.googlesource.com/chromiumos/third_party/rust_crates/+/refs/heads/main/cargo-vet/audits.toml?format=TEXT"

[[audits.google.audits.equivalent]]
who = "George Burgess IV <gbiv@google.com>"
criteria = "safe-to-deploy"
version = "1.0.1"
aggregated-from = "https://chromium.googlesource.com/chromiumos/third_party/rust_crates/+/refs/heads/main/cargo-vet/audits.toml?format=TEXT"

[[audits.google.audits.equivalent]]
who = "Jonathan Hao <phao@chromium.org>"
criteria = "safe-to-deploy"
delta = "1.0.1 -> 1.0.2"
notes = "No changes to any .rs files or Rust code."
aggregated-from = "https://chromium.googlesource.com/chromium/src/+/main/third_party/rust/chromium_crates_io/supply-chain/audits.toml?format=TEXT"

[[audits.google.audits.heck]]
who = "Lukasz Anforowicz <lukasza@chromium.org>"
criteria = "safe-to-deploy"
version = "0.4.1"
notes = """
Grepped for `-i cipher`, `-i crypto`, `'\bfs\b'``, `'\bnet\b'``, `'\bunsafe\b'``
and there were no hits.

`heck` (version `0.3.3`) has been added to Chromium in
https://source.chromium.org/chromium/chromium/src/+/28841c33c77833cc30b286f9ae24c97e7a8f4057
"""
aggregated-from = "https://chromium.googlesource.com/chromium/src/+/main/third_party/rust/chromium_crates_io/supply-chain/audits.toml?format=TEXT"

[[audits.google.audits.httpdate]]
who = "George Burgess IV <gbiv@google.com>"
criteria = "safe-to-deploy"
version = "1.0.3"
aggregated-from = "https://chromium.googlesource.com/chromiumos/third_party/rust_crates/+/refs/heads/main/cargo-vet/audits.toml?format=TEXT"

[[audits.google.audits.indexmap]]
who = "Lukasz Anforowicz <lukasza@chromium.org>"
criteria = "safe-to-deploy"
version = "2.7.1"
notes = '''
Grepped for `-i cipher`, `-i crypto`, `'\bfs\b'`, `'\bnet\b'`
and there were no hits.

There is a little bit of `unsafe` Rust code - the audit can be found at
https://chromium-review.googlesource.com/c/chromium/src/+/6187726/2
'''
aggregated-from = "https://chromium.googlesource.com/chromium/src/+/main/third_party/rust/chromium_crates_io/supply-chain/audits.toml?format=TEXT"

[[audits.google.audits.indexmap]]
who = "Lukasz Anforowicz <lukasza@chromium.org>"
criteria = "safe-to-deploy"
delta = "2.7.1 -> 2.8.0"
notes = """
No `unsafe` introduced or affected in:
* `indexmap_with_default!` and `indexset_with_default!` macros
* New `PartialEq` implementations
* `fn slice_eq` in `util.rs`
"""
aggregated-from = "https://chromium.googlesource.com/chromium/src/+/main/third_party/rust/chromium_crates_io/supply-chain/audits.toml?format=TEXT"

[[audits.google.audits.itoa]]
who = "Lukasz Anforowicz <lukasza@chromium.org>"
criteria = "safe-to-deploy"
version = "1.0.10"
notes = '''
I grepped for \"crypt\", \"cipher\", \"fs\", \"net\" - there were no hits.

There are a few places where `unsafe` is used.  Unsafe review notes can be found
in https://crrev.com/c/5350697.

Version 1.0.1 of this crate has been added to Chromium in
https://crrev.com/c/3321896.
'''
aggregated-from = "https://chromium.googlesource.com/chromium/src/+/main/third_party/rust/chromium_crates_io/supply-chain/audits.toml?format=TEXT"

[[audits.google.audits.itoa]]
who = "Lukasz Anforowicz <lukasza@chromium.org>"
criteria = "safe-to-deploy"
delta = "1.0.10 -> 1.0.11"
notes = """
Straightforward diff between 1.0.10 and 1.0.11 - only 3 commits:

* Bumping up the version
* A touch up of comments
* And my own PR to make `unsafe` blocks more granular:
  https://github.com/dtolnay/itoa/pull/42
"""
aggregated-from = "https://chromium.googlesource.com/chromium/src/+/main/third_party/rust/chromium_crates_io/supply-chain/audits.toml?format=TEXT"

[[audits.google.audits.itoa]]
who = "Liza Burakova <liza@chromium.org>"
criteria = "safe-to-deploy"
delta = "1.0.11 -> 1.0.14"
notes = """
Unsafe review at https://crrev.com/c/6051067
"""
aggregated-from = "https://chromium.googlesource.com/chromium/src/+/main/third_party/rust/chromium_crates_io/supply-chain/audits.toml?format=TEXT"

[[audits.google.audits.itoa]]
who = "Daniel Cheng <dcheng@chromium.org>"
criteria = "safe-to-deploy"
delta = "1.0.14 -> 1.0.15"
notes = "Only minor rustdoc changes."
aggregated-from = "https://chromium.googlesource.com/chromium/src/+/main/third_party/rust/chromium_crates_io/supply-chain/audits.toml?format=TEXT"

[[audits.google.audits.lazy_static]]
who = "Lukasz Anforowicz <lukasza@chromium.org>"
criteria = "safe-to-deploy"
version = "1.4.0"
notes = '''
I grepped for \"crypt\", \"cipher\", \"fs\", \"net\" - there were no hits.

There are two places where `unsafe` is used.  Unsafe review notes can be found
in https://crrev.com/c/5347418.

This crate has been added to Chromium in https://crrev.com/c/3321895.
'''
aggregated-from = "https://chromium.googlesource.com/chromium/src/+/main/third_party/rust/chromium_crates_io/supply-chain/audits.toml?format=TEXT"

[[audits.google.audits.lazy_static]]
who = "Lukasz Anforowicz <lukasza@chromium.org>"
criteria = "safe-to-deploy"
delta = "1.4.0 -> 1.5.0"
notes = "Unsafe review notes: https://crrev.com/c/5650836"
aggregated-from = "https://chromium.googlesource.com/chromium/src/+/main/third_party/rust/chromium_crates_io/supply-chain/audits.toml?format=TEXT"

[[audits.google.audits.log]]
who = "danakj <danakj@chromium.org>"
criteria = "safe-to-deploy"
version = "0.4.22"
notes = """
Unsafe review in https://docs.google.com/document/d/1IXQbD1GhTRqNHIGxq6yy7qHqxeO4CwN5noMFXnqyDIM/edit?usp=sharing

Unsafety is generally very well-documented, with one exception, which we
describe in the review doc.
"""
aggregated-from = "https://chromium.googlesource.com/chromium/src/+/main/third_party/rust/chromium_crates_io/supply-chain/audits.toml?format=TEXT"

[[audits.google.audits.pin-project-lite]]
who = "David Koloski <dkoloski@google.com>"
criteria = "safe-to-deploy"
version = "0.2.9"
notes = "Reviewed on https://fxrev.dev/824504"
aggregated-from = "https://fuchsia.googlesource.com/fuchsia/+/refs/heads/main/third_party/rust_crates/supply-chain/audits.toml?format=TEXT"

[[audits.google.audits.pin-project-lite]]
who = "David Koloski <dkoloski@google.com>"
criteria = "safe-to-deploy"
delta = "0.2.9 -> 0.2.13"
notes = "Audited at https://fxrev.dev/946396"
aggregated-from = "https://fuchsia.googlesource.com/fuchsia/+/refs/heads/main/third_party/rust_crates/supply-chain/audits.toml?format=TEXT"

[[audits.google.audits.rand]]
who = "Lukasz Anforowicz <lukasza@chromium.org>"
criteria = "safe-to-deploy"
version = "0.8.5"
notes = """
For more detailed unsafe review notes please see https://crrev.com/c/6362797
"""
aggregated-from = "https://chromium.googlesource.com/chromium/src/+/main/third_party/rust/chromium_crates_io/supply-chain/audits.toml?format=TEXT"

[[audits.google.audits.rand_chacha]]
who = "Lukasz Anforowicz <lukasza@chromium.org>"
criteria = "safe-to-deploy"
version = "0.3.1"
notes = """
For more detailed unsafe review notes please see https://crrev.com/c/6362797
"""
aggregated-from = "https://chromium.googlesource.com/chromium/src/+/main/third_party/rust/chromium_crates_io/supply-chain/audits.toml?format=TEXT"

[[audits.google.audits.rand_core]]
who = "Lukasz Anforowicz <lukasza@chromium.org>"
criteria = "safe-to-deploy"
version = "0.6.4"
notes = """
For more detailed unsafe review notes please see https://crrev.com/c/6362797
"""
aggregated-from = "https://chromium.googlesource.com/chromium/src/+/main/third_party/rust/chromium_crates_io/supply-chain/audits.toml?format=TEXT"

[[audits.google.audits.regex-syntax]]
who = "Manish Goregaokar <manishearth@google.com>"
criteria = "safe-to-deploy"
version = "0.8.5"
notes = "Contains no unsafe"
aggregated-from = "https://chromium.googlesource.com/chromium/src/+/main/third_party/rust/chromium_crates_io/supply-chain/audits.toml?format=TEXT"

[[audits.google.audits.same-file]]
who = "Android Legacy"
criteria = "safe-to-run"
version = "1.0.6"
aggregated-from = "https://chromium.googlesource.com/chromiumos/third_party/rust_crates/+/refs/heads/main/cargo-vet/audits.toml?format=TEXT"

[[audits.google.audits.sha1]]
who = "David Koloski <dkoloski@google.com>"
criteria = "safe-to-deploy"
version = "0.10.5"
notes = "Reviewed on https://fxrev.dev/712371."
aggregated-from = "https://fuchsia.googlesource.com/fuchsia/+/refs/heads/main/third_party/rust_crates/supply-chain/audits.toml?format=TEXT"

[[audits.google.audits.smallvec]]
who = "Manish Goregaokar <manishearth@google.com>"
criteria = "safe-to-deploy"
version = "1.13.2"
aggregated-from = "https://chromium.googlesource.com/chromium/src/+/main/third_party/rust/chromium_crates_io/supply-chain/audits.toml?format=TEXT"

[[audits.google.audits.smallvec]]
who = "Jonathan Hao <phao@chromium.org>"
criteria = "safe-to-deploy"
delta = "1.13.2 -> 1.14.0"
notes = """
WARNING: This certification is a result of a **partial** audit. The
`malloc_size_of` feature has **not** been audited. This feature does
not explicitly document its safety requirements.
See also https://chromium-review.googlesource.com/c/chromium/src/+/6275133/comment/ea0d7a93_98051a2e/
and https://github.com/servo/malloc_size_of/issues/8.
This feature is banned in gnrt_config.toml.
"""
aggregated-from = "https://chromium.googlesource.com/chromium/src/+/main/third_party/rust/chromium_crates_io/supply-chain/audits.toml?format=TEXT"

[[audits.google.audits.strsim]]
who = "danakj@chromium.org"
criteria = "safe-to-deploy"
version = "0.10.0"
notes = """
Reviewed in https://crrev.com/c/5171063

Previously reviewed during security review and the audit is grandparented in.
"""
aggregated-from = "https://chromium.googlesource.com/chromium/src/+/main/third_party/rust/chromium_crates_io/supply-chain/audits.toml?format=TEXT"

[[audits.google.audits.utf8parse]]
who = "David Koloski <dkoloski@google.com>"
criteria = "safe-to-deploy"
version = "0.2.1"
notes = "Reviewed on https://fxrev.dev/904811"
aggregated-from = "https://fuchsia.googlesource.com/fuchsia/+/refs/heads/main/third_party/rust_crates/supply-chain/audits.toml?format=TEXT"

[[audits.google.audits.version_check]]
who = "George Burgess IV <gbiv@google.com>"
criteria = "safe-to-deploy"
version = "0.9.4"
aggregated-from = "https://chromium.googlesource.com/chromiumos/third_party/rust_crates/+/refs/heads/main/cargo-vet/audits.toml?format=TEXT"

[[audits.mozilla.wildcard-audits.utf8_iter]]
who = "Makoto Kato <m_kato@ga2.so-net.ne.jp>"
criteria = "safe-to-deploy"
user-id = 4484 # Henri Sivonen (hsivonen)
start = "2022-04-19"
end = "2024-06-16"
notes = "Maintained by Henri Sivonen who works at Mozilla."
aggregated-from = "https://hg.mozilla.org/mozilla-central/raw-file/tip/supply-chain/audits.toml"

[[audits.mozilla.audits.ascii]]
who = "Glenn Watson <git@chillybin.org>"
criteria = "safe-to-deploy"
version = "1.1.0"
aggregated-from = "https://hg.mozilla.org/mozilla-central/raw-file/tip/supply-chain/audits.toml"

[[audits.mozilla.audits.bitflags]]
who = "Alex Franchuk <afranchuk@mozilla.com>"
criteria = "safe-to-deploy"
delta = "1.3.2 -> 2.0.2"
notes = "Removal of some unsafe code/methods. No changes to externals, just some refactoring (mostly internal)."
aggregated-from = "https://hg.mozilla.org/mozilla-central/raw-file/tip/supply-chain/audits.toml"

[[audits.mozilla.audits.bitflags]]
who = "Nicolas Silva <nical@fastmail.com>"
criteria = "safe-to-deploy"
delta = "2.0.2 -> 2.1.0"
aggregated-from = "https://hg.mozilla.org/mozilla-central/raw-file/tip/supply-chain/audits.toml"

[[audits.mozilla.audits.bitflags]]
who = "Teodor Tanasoaia <ttanasoaia@mozilla.com>"
criteria = "safe-to-deploy"
delta = "2.2.1 -> 2.3.2"
aggregated-from = "https://hg.mozilla.org/mozilla-central/raw-file/tip/supply-chain/audits.toml"

[[audits.mozilla.audits.bitflags]]
who = "Mike Hommey <mh+mozilla@glandium.org>"
criteria = "safe-to-deploy"
delta = "2.3.3 -> 2.4.0"
aggregated-from = "https://hg.mozilla.org/mozilla-central/raw-file/tip/supply-chain/audits.toml"

[[audits.mozilla.audits.bitflags]]
who = "Jan-Erik Rediger <jrediger@mozilla.com>"
criteria = "safe-to-deploy"
delta = "2.4.0 -> 2.4.1"
notes = "Only allowing new clippy lints"
aggregated-from = "https://raw.githubusercontent.com/mozilla/glean/main/supply-chain/audits.toml"

[[audits.mozilla.audits.bitflags]]
who = [
    "Teodor Tanasoaia <ttanasoaia@mozilla.com>",
    "Erich Gubler <erichdongubler@gmail.com>",
]
criteria = "safe-to-deploy"
delta = "2.6.0 -> 2.7.0"
aggregated-from = "https://hg.mozilla.org/mozilla-central/raw-file/tip/supply-chain/audits.toml"

[[audits.mozilla.audits.bitflags]]
who = "Benjamin VanderSloot <bvandersloot@mozilla.com>"
criteria = "safe-to-deploy"
delta = "2.9.4 -> 2.10.0"
aggregated-from = "https://hg.mozilla.org/mozilla-central/raw-file/tip/supply-chain/audits.toml"

[[audits.mozilla.audits.bstr]]
who = "Jan-Erik Rediger <jrediger@mozilla.com>"
criteria = "safe-to-run"
delta = "1.11.3 -> 1.12.1"
aggregated-from = "https://raw.githubusercontent.com/mozilla/glean/main/supply-chain/audits.toml"

[[audits.mozilla.audits.chunked_transfer]]
who = "Glenn Watson <git@chillybin.org>"
criteria = "safe-to-deploy"
delta = "1.4.1 -> 1.5.0"
aggregated-from = "https://hg.mozilla.org/mozilla-central/raw-file/tip/supply-chain/audits.toml"

[[audits.mozilla.audits.crypto-common]]
who = "Mike Hommey <mh+mozilla@glandium.org>"
criteria = "safe-to-deploy"
delta = "0.1.3 -> 0.1.6"
aggregated-from = "https://hg.mozilla.org/mozilla-central/raw-file/tip/supply-chain/audits.toml"

[[audits.mozilla.audits.fnv]]
who = "Bobby Holley <bobbyholley@gmail.com>"
criteria = "safe-to-deploy"
version = "1.0.7"
notes = "Simple hasher implementation with no unsafe code."
aggregated-from = "https://hg.mozilla.org/mozilla-central/raw-file/tip/supply-chain/audits.toml"

[[audits.mozilla.audits.form_urlencoded]]
who = "Valentin Gosu <valentin.gosu@gmail.com>"
criteria = "safe-to-deploy"
version = "1.2.0"
aggregated-from = "https://hg.mozilla.org/mozilla-central/raw-file/tip/supply-chain/audits.toml"

[[audits.mozilla.audits.form_urlencoded]]
who = "Valentin Gosu <valentin.gosu@gmail.com>"
criteria = "safe-to-deploy"
delta = "1.2.0 -> 1.2.1"
aggregated-from = "https://hg.mozilla.org/mozilla-central/raw-file/tip/supply-chain/audits.toml"

[[audits.mozilla.audits.form_urlencoded]]
who = "edgul <ed.guloien@gmail.com>"
criteria = "safe-to-deploy"
delta = "1.2.1 -> 1.2.2"
aggregated-from = "https://hg.mozilla.org/mozilla-central/raw-file/tip/supply-chain/audits.toml"

[[audits.mozilla.audits.idna]]
who = "Valentin Gosu <valentin.gosu@gmail.com>"
criteria = "safe-to-deploy"
delta = "0.4.0 -> 0.5.0"
aggregated-from = "https://hg.mozilla.org/mozilla-central/raw-file/tip/supply-chain/audits.toml"

[[audits.mozilla.audits.idna]]
who = "Henri Sivonen <hsivonen@hsivonen.fi>"
criteria = "safe-to-deploy"
delta = "0.5.0 -> 1.0.2"
notes = "In the 0.5.0 to 1.0.2 delta, I, Henri Sivonen, rewrote the non-Punycode internals of the crate and made the changes to the Punycode code."
aggregated-from = "https://hg.mozilla.org/mozilla-central/raw-file/tip/supply-chain/audits.toml"

[[audits.mozilla.audits.idna]]
who = "Valentin Gosu <valentin.gosu@gmail.com>"
criteria = "safe-to-deploy"
delta = "1.0.2 -> 1.0.3"
aggregated-from = "https://hg.mozilla.org/mozilla-central/raw-file/tip/supply-chain/audits.toml"

[[audits.mozilla.audits.idna]]
who = "edgul <ed.guloien@gmail.com>"
criteria = "safe-to-deploy"
delta = "1.0.3 -> 1.1.0"
aggregated-from = "https://hg.mozilla.org/mozilla-central/raw-file/tip/supply-chain/audits.toml"

[[audits.mozilla.audits.indexmap]]
who = "Erich Gubler <erichdongubler@gmail.com>"
criteria = "safe-to-deploy"
delta = "2.8.0 -> 2.11.4"
aggregated-from = "https://hg.mozilla.org/mozilla-central/raw-file/tip/supply-chain/audits.toml"

[[audits.mozilla.audits.percent-encoding]]
who = "Valentin Gosu <valentin.gosu@gmail.com>"
criteria = "safe-to-deploy"
delta = "2.2.0 -> 2.3.0"
aggregated-from = "https://hg.mozilla.org/mozilla-central/raw-file/tip/supply-chain/audits.toml"

[[audits.mozilla.audits.percent-encoding]]
who = "Valentin Gosu <valentin.gosu@gmail.com>"
criteria = "safe-to-deploy"
delta = "2.3.0 -> 2.3.1"
aggregated-from = "https://hg.mozilla.org/mozilla-central/raw-file/tip/supply-chain/audits.toml"

[[audits.mozilla.audits.percent-encoding]]
who = "edgul <ed.guloien@gmail.com>"
criteria = "safe-to-deploy"
delta = "2.3.1 -> 2.3.2"
aggregated-from = "https://hg.mozilla.org/mozilla-central/raw-file/tip/supply-chain/audits.toml"

[[audits.mozilla.audits.pin-project-lite]]
who = "Mike Hommey <mh+mozilla@glandium.org>"
criteria = "safe-to-deploy"
delta = "0.2.13 -> 0.2.14"
aggregated-from = "https://hg.mozilla.org/mozilla-central/raw-file/tip/supply-chain/audits.toml"

[[audits.mozilla.audits.pin-project-lite]]
who = "Nika Layzell <nika@thelayzells.com>"
criteria = "safe-to-deploy"
delta = "0.2.14 -> 0.2.16"
notes = """
Only functional change is to work around a bug in the negative_impls feature
(https://github.com/taiki-e/pin-project/issues/340#issuecomment-2432146009)
"""
aggregated-from = "https://raw.githubusercontent.com/mozilla/cargo-vet/main/supply-chain/audits.toml"

[[audits.mozilla.audits.pkg-config]]
who = "Mike Hommey <mh+mozilla@glandium.org>"
criteria = "safe-to-deploy"
delta = "0.3.25 -> 0.3.26"
aggregated-from = "https://hg.mozilla.org/mozilla-central/raw-file/tip/supply-chain/audits.toml"

[[audits.mozilla.audits.sharded-slab]]
who = "Mark Hammond <mhammond@skippinet.com.au>"
criteria = "safe-to-deploy"
delta = "0.1.4 -> 0.1.7"
aggregated-from = "https://hg.mozilla.org/mozilla-central/raw-file/tip/supply-chain/audits.toml"

[[audits.mozilla.audits.shlex]]
who = "Max Inden <mail@max-inden.de>"
criteria = "safe-to-deploy"
delta = "1.1.0 -> 1.3.0"
aggregated-from = "https://hg.mozilla.org/mozilla-central/raw-file/tip/supply-chain/audits.toml"

[[audits.mozilla.audits.similar]]
who = "Nika Layzell <nika@thelayzells.com>"
criteria = "safe-to-deploy"
version = "2.2.0"
notes = """
Algorithm crate implemented entirely in safe rust. Does no platform-specific
logic, only implementing diffing and string manipulation algorithms.
"""
aggregated-from = "https://raw.githubusercontent.com/mozilla/cargo-vet/main/supply-chain/audits.toml"

[[audits.mozilla.audits.similar]]
who = "Nika Layzell <nika@thelayzells.com>"
criteria = "safe-to-deploy"
delta = "2.2.1 -> 2.7.0"
aggregated-from = "https://raw.githubusercontent.com/mozilla/cargo-vet/main/supply-chain/audits.toml"

[[audits.mozilla.audits.smallvec]]
who = "Erich Gubler <erichdongubler@gmail.com>"
criteria = "safe-to-deploy"
delta = "1.14.0 -> 1.15.1"
aggregated-from = "https://hg.mozilla.org/mozilla-central/raw-file/tip/supply-chain/audits.toml"

[[audits.mozilla.audits.strsim]]
who = "Ben Dean-Kawamura <bdk@mozilla.com>"
criteria = "safe-to-deploy"
delta = "0.10.0 -> 0.11.1"
aggregated-from = "https://hg.mozilla.org/mozilla-central/raw-file/tip/supply-chain/audits.toml"

[[audits.mozilla.audits.tiny_http]]
who = "Glenn Watson <git@chillybin.org>"
criteria = "safe-to-deploy"
version = "0.12.0"
aggregated-from = "https://hg.mozilla.org/mozilla-central/raw-file/tip/supply-chain/audits.toml"

[[audits.mozilla.audits.url]]
who = "Valentin Gosu <valentin.gosu@gmail.com>"
criteria = "safe-to-deploy"
version = "2.4.0"
aggregated-from = "https://hg.mozilla.org/mozilla-central/raw-file/tip/supply-chain/audits.toml"

[[audits.mozilla.audits.url]]
who = "Valentin Gosu <valentin.gosu@gmail.com>"
criteria = "safe-to-deploy"
delta = "2.4.0 -> 2.4.1"
aggregated-from = "https://hg.mozilla.org/mozilla-central/raw-file/tip/supply-chain/audits.toml"

[[audits.mozilla.audits.url]]
who = "Valentin Gosu <valentin.gosu@gmail.com>"
criteria = "safe-to-deploy"
delta = "2.4.1 -> 2.5.0"
aggregated-from = "https://hg.mozilla.org/mozilla-central/raw-file/tip/supply-chain/audits.toml"

[[audits.mozilla.audits.url]]
who = "Henri Sivonen <hsivonen@hsivonen.fi>"
criteria = "safe-to-deploy"
delta = "2.5.0 -> 2.5.1"
aggregated-from = "https://hg.mozilla.org/mozilla-central/raw-file/tip/supply-chain/audits.toml"

[[audits.mozilla.audits.url]]
who = "Valentin Gosu <valentin.gosu@gmail.com>"
criteria = "safe-to-deploy"
delta = "2.5.1 -> 2.5.4"
aggregated-from = "https://hg.mozilla.org/mozilla-central/raw-file/tip/supply-chain/audits.toml"

[[audits.mozilla.audits.url]]
who = "edgul <ed.guloien@gmail.com>"
criteria = "safe-to-deploy"
delta = "2.5.4 -> 2.5.7"
aggregated-from = "https://hg.mozilla.org/mozilla-central/raw-file/tip/supply-chain/audits.toml"

[[audits.mozilla.audits.utf8parse]]
who = "Nika Layzell <nika@thelayzells.com>"
criteria = "safe-to-deploy"
delta = "0.2.1 -> 0.2.2"
aggregated-from = "https://raw.githubusercontent.com/mozilla/cargo-vet/main/supply-chain/audits.toml"

[[audits.mozilla.audits.windows-link]]
who = "Mark Hammond <mhammond@skippinet.com.au>"
criteria = "safe-to-deploy"
version = "0.1.1"
notes = "A microsoft crate allowing unsafe calls to windows apis."
aggregated-from = "https://hg.mozilla.org/mozilla-central/raw-file/tip/supply-chain/audits.toml"

[[audits.mozilla.audits.windows-link]]
who = "Erich Gubler <erichdongubler@gmail.com>"
criteria = "safe-to-deploy"
delta = "0.1.1 -> 0.2.0"
aggregated-from = "https://hg.mozilla.org/mozilla-central/raw-file/tip/supply-chain/audits.toml"

[[audits.mozilla.audits.zerocopy]]
who = "Alex Franchuk <afranchuk@mozilla.com>"
criteria = "safe-to-deploy"
version = "0.7.32"
notes = """
This crate is `no_std` so doesn't use any side-effectful std functions. It
contains quite a lot of `unsafe` code, however. I verified portions of this. It
also has a large, thorough test suite. The project claims to run tests with
Miri to have stronger soundness checks, and also claims to use formal
verification tools to prove correctness.
"""
aggregated-from = "https://hg.mozilla.org/mozilla-central/raw-file/tip/supply-chain/audits.toml"

[[audits.mozilla.audits.zerocopy]]
who = "Alex Franchuk <afranchuk@mozilla.com>"
criteria = "safe-to-deploy"
delta = "0.7.32 -> 0.8.27"
notes = """
These changes are enormous, however unsafe code is kept somewhat minimal in
comparison. The safety properties of unsafe code blocks, traits, and other
types are thoroughly documented. The new build script is safe. All code is very
thoroughly tested. I expect their test coverage is quite high.
"""
aggregated-from = "https://hg.mozilla.org/mozilla-central/raw-file/tip/supply-chain/audits.toml"

[[audits.mozilla.audits.zerocopy-derive]]
who = "Alex Franchuk <afranchuk@mozilla.com>"
criteria = "safe-to-deploy"
version = "0.7.32"
notes = "Clean, safe macros for zerocopy."
aggregated-from = "https://hg.mozilla.org/mozilla-central/raw-file/tip/supply-chain/audits.toml"

[[audits.mozilla.audits.zerocopy-derive]]
who = "Alex Franchuk <afranchuk@mozilla.com>"
criteria = "safe-to-deploy"
delta = "0.7.32 -> 0.8.27"
notes = """
There are a lot of changes here, however they look reasonable. Unsafe code is
heavily documented, and there are extensive tests for the changes.
"""
aggregated-from = "https://hg.mozilla.org/mozilla-central/raw-file/tip/supply-chain/audits.toml"
